{
    "_readme": [
        "This file locks the dependencies of your project to a known state",
        "Read more about it at https://getcomposer.org/doc/01-basic-usage.md#installing-dependencies",
        "This file is @generated automatically"
    ],
    "content-hash": "7f197621726ec888ad8dd4bc04b247c7",
    "packages": [
        {
            "name": "prasadkumarkale/hello-prasad-composer",
            "version": "1.0.0",
            "source": {
                "type": "git",
                "url": "https://github.com/prasadkal/hello-composer.git",
                "reference": "2ff405705cf18b9c3f8d2280bd857d9a5e48ed24"
            },
            "dist": {
                "type": "zip",
                "url": "https://api.github.com/repos/prasadkal/hello-composer/zipball/2ff405705cf18b9c3f8d2280bd857d9a5e48ed24",
                "reference": "2ff405705cf18b9c3f8d2280bd857d9a5e48ed24",
                "shasum": ""
            },
            "type": "library",
            "autoload": {
                "psr-4": {
                    "prasad\\HelloWorld\\": "src/"
                }
            },
            "notification-url": "https://packagist.org/downloads/",
            "license": [
                "MIT"
            ],
            "authors": [
                {
                    "name": "Prasadkumar Kale",
                    "email": "pvkale2@gmail.com"
                }
            ],
            "description": "This is hello world package composer",
            "time": "2020-07-13T06:33:10+00:00"
        }
    ],
    "packages-dev": [],
    "aliases": [],
    "minimum-stability": "stable",
    "stability-flags": [],
    "prefer-stable": false,
    "prefer-lowest": false,
    "platform": [],
    "platform-dev": []
}
